
Microsoft Visual Studio Solution File, Format Version 12.00
# Visual Studio Version 17
VisualStudioVersion = 17.0.31903.59
MinimumVisualStudioVersion = 10.0.40219.1
Project("{2150E333-8FDC-42A3-9474-1A3956D46DE8}") = "src", "src", "{827E0CD3-B72D-47B6-A68D-7590B98EB39B}"
EndProject
Project("{2150E333-8FDC-42A3-9474-1A3956D46DE8}") = "desktop", "desktop", "{2951E765-5F77-95BA-3D85-F41283DA5914}"
EndProject
Project("{FAE04EC0-301F-11D3-BF4B-00C04F79EFBC}") = "OrderManagement.Desktop", "src\desktop\OrderManagement.Desktop\OrderManagement.Desktop.csproj", "{414A2F8B-17D9-41FE-8C74-5346C2111BD5}"
EndProject
Project("{2150E333-8FDC-42A3-9474-1A3956D46DE8}") = "web", "web", "{03997797-E7F5-0643-168D-B8EA7178C2FE}"
EndProject
Project("{FAE04EC0-301F-11D3-BF4B-00C04F79EFBC}") = "OrderManagement.Web", "src\web\OrderManagement.Web\OrderManagement.Web.csproj", "{647FC791-0A24-4033-9690-2C0ABE030E53}"
EndProject
Project("{2150E333-8FDC-42A3-9474-1A3956D46DE8}") = "tests", "tests", "{0AB3BF05-4346-4AA6-1389-037BE0695223}"
EndProject
Project("{FAE04EC0-301F-11D3-BF4B-00C04F79EFBC}") = "OrderManagement.Desktop.Tests", "tests\OrderManagement.Desktop.Tests\OrderManagement.Desktop.Tests.csproj", "{37D532DD-C778-4E50-BA4A-74ED65830E0B}"
EndProject
Project("{FAE04EC0-301F-11D3-BF4B-00C04F79EFBC}") = "OrderManagement.Desktop.UITests", "tests\OrderManagement.Desktop.UITests\OrderManagement.Desktop.UITests.csproj", "{FFE4D7CC-558F-46C5-9FEF-8BEF7EB4AAD2}"
EndProject
Global
	GlobalSection(SolutionConfigurationPlatforms) = preSolution
		Debug|Any CPU = Debug|Any CPU
		Debug|x64 = Debug|x64
		Debug|x86 = Debug|x86
		Release|Any CPU = Release|Any CPU
		Release|x64 = Release|x64
		Release|x86 = Release|x86
	EndGlobalSection
	GlobalSection(ProjectConfigurationPlatforms) = postSolution
		{414A2F8B-17D9-41FE-8C74-5346C2111BD5}.Debug|Any CPU.ActiveCfg = Debug|Any CPU
		{414A2F8B-17D9-41FE-8C74-5346C2111BD5}.Debug|Any CPU.Build.0 = Debug|Any CPU
		{414A2F8B-17D9-41FE-8C74-5346C2111BD5}.Debug|x64.ActiveCfg = Debug|Any CPU
		{414A2F8B-17D9-41FE-8C74-5346C2111BD5}.Debug|x64.Build.0 = Debug|Any CPU
		{414A2F8B-17D9-41FE-8C74-5346C2111BD5}.Debug|x86.ActiveCfg = Debug|Any CPU
		{414A2F8B-17D9-41FE-8C74-5346C2111BD5}.Debug|x86.Build.0 = Debug|Any CPU
		{414A2F8B-17D9-41FE-8C74-5346C2111BD5}.Release|Any CPU.ActiveCfg = Release|Any CPU
		{414A2F8B-17D9-41FE-8C74-5346C2111BD5}.Release|Any CPU.Build.0 = Release|Any CPU
		{414A2F8B-17D9-41FE-8C74-5346C2111BD5}.Release|x64.ActiveCfg = Release|Any CPU
		{414A2F8B-17D9-41FE-8C74-5346C2111BD5}.Release|x64.Build.0 = Release|Any CPU
		{414A2F8B-17D9-41FE-8C74-5346C2111BD5}.Release|x86.ActiveCfg = Release|Any CPU
		{414A2F8B-17D9-41FE-8C74-5346C2111BD5}.Release|x86.Build.0 = Release|Any CPU
		{647FC791-0A24-4033-9690-2C0ABE030E53}.Debug|Any CPU.ActiveCfg = Debug|Any CPU
		{647FC791-0A24-4033-9690-2C0ABE030E53}.Debug|Any CPU.Build.0 = Debug|Any CPU
		{647FC791-0A24-4033-9690-2C0ABE030E53}.Debug|x64.ActiveCfg = Debug|Any CPU
		{647FC791-0A24-4033-9690-2C0ABE030E53}.Debug|x64.Build.0 = Debug|Any CPU
		{647FC791-0A24-4033-9690-2C0ABE030E53}.Debug|x86.ActiveCfg = Debug|Any CPU
		{647FC791-0A24-4033-9690-2C0ABE030E53}.Debug|x86.Build.0 = Debug|Any CPU
		{647FC791-0A24-4033-9690-2C0ABE030E53}.Release|Any CPU.ActiveCfg = Release|Any CPU
		{647FC791-0A24-4033-9690-2C0ABE030E53}.Release|Any CPU.Build.0 = Release|Any CPU
		{647FC791-0A24-4033-9690-2C0ABE030E53}.Release|x64.ActiveCfg = Release|Any CPU
		{647FC791-0A24-4033-9690-2C0ABE030E53}.Release|x64.Build.0 = Release|Any CPU
		{647FC791-0A24-4033-9690-2C0ABE030E53}.Release|x86.ActiveCfg = Release|Any CPU
		{647FC791-0A24-4033-9690-2C0ABE030E53}.Release|x86.Build.0 = Release|Any CPU
		{37D532DD-C778-4E50-BA4A-74ED65830E0B}.Debug|Any CPU.ActiveCfg = Debug|Any CPU
		{37D532DD-C778-4E50-BA4A-74ED65830E0B}.Debug|Any CPU.Build.0 = Debug|Any CPU
		{37D532DD-C778-4E50-BA4A-74ED65830E0B}.Debug|x64.ActiveCfg = Debug|Any CPU
		{37D532DD-C778-4E50-BA4A-74ED65830E0B}.Debug|x64.Build.0 = Debug|Any CPU
		{37D532DD-C778-4E50-BA4A-74ED65830E0B}.Debug|x86.ActiveCfg = Debug|Any CPU
		{37D532DD-C778-4E50-BA4A-74ED65830E0B}.Debug|x86.Build.0 = Debug|Any CPU
		{37D532DD-C778-4E50-BA4A-74ED65830E0B}.Release|Any CPU.ActiveCfg = Release|Any CPU
		{37D532DD-C778-4E50-BA4A-74ED65830E0B}.Release|Any CPU.Build.0 = Release|Any CPU
		{37D532DD-C778-4E50-BA4A-74ED65830E0B}.Release|x64.ActiveCfg = Release|Any CPU
		{37D532DD-C778-4E50-BA4A-74ED65830E0B}.Release|x64.Build.0 = Release|Any CPU
		{37D532DD-C778-4E50-BA4A-74ED65830E0B}.Release|x86.ActiveCfg = Release|Any CPU
		{37D532DD-C778-4E50-BA4A-74ED65830E0B}.Release|x86.Build.0 = Release|Any CPU
		{FFE4D7CC-558F-46C5-9FEF-8BEF7EB4AAD2}.Debug|Any CPU.ActiveCfg = Debug|Any CPU
		{FFE4D7CC-558F-46C5-9FEF-8BEF7EB4AAD2}.Debug|Any CPU.Build.0 = Debug|Any CPU
		{FFE4D7CC-558F-46C5-9FEF-8BEF7EB4AAD2}.Debug|x64.ActiveCfg = Debug|Any CPU
		{FFE4D7CC-558F-46C5-9FEF-8BEF7EB4AAD2}.Debug|x64.Build.0 = Debug|Any CPU
		{FFE4D7CC-558F-46C5-9FEF-8BEF7EB4AAD2}.Debug|x86.ActiveCfg = Debug|Any CPU
		{FFE4D7CC-558F-46C5-9FEF-8BEF7EB4AAD2}.Debug|x86.Build.0 = Debug|Any CPU
		{FFE4D7CC-558F-46C5-9FEF-8BEF7EB4AAD2}.Release|Any CPU.ActiveCfg = Release|Any CPU
		{FFE4D7CC-558F-46C5-9FEF-8BEF7EB4AAD2}.Release|Any CPU.Build.0 = Release|Any CPU
		{FFE4D7CC-558F-46C5-9FEF-8BEF7EB4AAD2}.Release|x64.ActiveCfg = Release|Any CPU
		{FFE4D7CC-558F-46C5-9FEF-8BEF7EB4AAD2}.Release|x64.Build.0 = Release|Any CPU
		{FFE4D7CC-558F-46C5-9FEF-8BEF7EB4AAD2}.Release|x86.ActiveCfg = Release|Any CPU
		{FFE4D7CC-558F-46C5-9FEF-8BEF7EB4AAD2}.Release|x86.Build.0 = Release|Any CPU
	EndGlobalSection
	GlobalSection(SolutionProperties) = preSolution
		HideSolutionNode = FALSE
	EndGlobalSection
	GlobalSection(NestedProjects) = preSolution
		{2951E765-5F77-95BA-3D85-F41283DA5914} = {827E0CD3-B72D-47B6-A68D-7590B98EB39B}
		{414A2F8B-17D9-41FE-8C74-5346C2111BD5} = {2951E765-5F77-95BA-3D85-F41283DA5914}
		{03997797-E7F5-0643-168D-B8EA7178C2FE} = {827E0CD3-B72D-47B6-A68D-7590B98EB39B}
		{647FC791-0A24-4033-9690-2C0ABE030E53} = {03997797-E7F5-0643-168D-B8EA7178C2FE}
		{37D532DD-C778-4E50-BA4A-74ED65830E0B} = {0AB3BF05-4346-4AA6-1389-037BE0695223}
		{FFE4D7CC-558F-46C5-9FEF-8BEF7EB4AAD2} = {0AB3BF05-4346-4AA6-1389-037BE0695223}
	EndGlobalSection
EndGlobal
